
Microsoft Visual Studio Solution File, Format Version 12.00
# Visual Studio Version 16
VisualStudioVersion = 16.0.31205.134
MinimumVisualStudioVersion = 10.0.40219.1
Project("{9A19103F-16F7-4668-BE54-9A1E7A4F7556}") = "Builder", "Builder\Builder.csproj", "{20764DC2-C82D-4744-9773-ED40534E3705}"
EndProject
Project("{9A19103F-16F7-4668-BE54-9A1E7A4F7556}") = "Factories", "Factories\Factories.csproj", "{0FAD0558-2C69-4EDD-ABDE-6DC3A5632651}"
EndProject
Global
	GlobalSection(SolutionConfigurationPlatforms) = preSolution
		Debug|Any CPU = Debug|Any CPU
		Release|Any CPU = Release|Any CPU
	EndGlobalSection
	GlobalSection(ProjectConfigurationPlatforms) = postSolution
		{20764DC2-C82D-4744-9773-ED40534E3705}.Debug|Any CPU.ActiveCfg = Debug|Any CPU
		{20764DC2-C82D-4744-9773-ED40534E3705}.Debug|Any CPU.Build.0 = Debug|Any CPU
		{20764DC2-C82D-4744-9773-ED40534E3705}.Release|Any CPU.ActiveCfg = Release|Any CPU
		{20764DC2-C82D-4744-9773-ED40534E3705}.Release|Any CPU.Build.0 = Release|Any CPU
		{0FAD0558-2C69-4EDD-ABDE-6DC3A5632651}.Debug|Any CPU.ActiveCfg = Debug|Any CPU
		{0FAD0558-2C69-4EDD-ABDE-6DC3A5632651}.Debug|Any CPU.Build.0 = Debug|Any CPU
		{0FAD0558-2C69-4EDD-ABDE-6DC3A5632651}.Release|Any CPU.ActiveCfg = Release|Any CPU
		{0FAD0558-2C69-4EDD-ABDE-6DC3A5632651}.Release|Any CPU.Build.0 = Release|Any CPU
	EndGlobalSection
	GlobalSection(SolutionProperties) = preSolution
		HideSolutionNode = FALSE
	EndGlobalSection
	GlobalSection(ExtensibilityGlobals) = postSolution
		SolutionGuid = {B284BA60-5965-4A64-866D-B5E221001426}
	EndGlobalSection
EndGlobal
